
Microsoft Visual Studio Solution File, Format Version 12.00
# Visual Studio 15
VisualStudioVersion = 15.0.28307.572
MinimumVisualStudioVersion = 10.0.40219.1
Project("{FAE04EC0-301F-11D3-BF4B-00C04F79EFBC}") = "манго", "манго\манго.csproj", "{54646B43-16CF-4279-B5C6-FDABE8DBA168}"
EndProject
Global
	GlobalSection(SolutionConfigurationPlatforms) = preSolution
		Debug|Any CPU = Debug|Any CPU
		Release|Any CPU = Release|Any CPU
	EndGlobalSection
	GlobalSection(ProjectConfigurationPlatforms) = postSolution
		{54646B43-16CF-4279-B5C6-FDABE8DBA168}.Debug|Any CPU.ActiveCfg = Debug|Any CPU
		{54646B43-16CF-4279-B5C6-FDABE8DBA168}.Debug|Any CPU.Build.0 = Debug|Any CPU
		{54646B43-16CF-4279-B5C6-FDABE8DBA168}.Release|Any CPU.ActiveCfg = Release|Any CPU
		{54646B43-16CF-4279-B5C6-FDABE8DBA168}.Release|Any CPU.Build.0 = Release|Any CPU
	EndGlobalSection
	GlobalSection(SolutionProperties) = preSolution
		HideSolutionNode = FALSE
	EndGlobalSection
	GlobalSection(ExtensibilityGlobals) = postSolution
		SolutionGuid = {46F30EC2-66B4-493A-A06D-33D962A18120}
	EndGlobalSection
EndGlobal
