
Microsoft Visual Studio Solution File, Format Version 12.00
# Visual Studio 15
VisualStudioVersion = 15.0.28307.572
MinimumVisualStudioVersion = 10.0.40219.1
Project("{FAE04EC0-301F-11D3-BF4B-00C04F79EFBC}") = "Орлов экз", "Орлов экз\Орлов экз.csproj", "{891971E9-33D5-4DE9-AEAF-BE1046BD799E}"
EndProject
Global
	GlobalSection(SolutionConfigurationPlatforms) = preSolution
		Debug|Any CPU = Debug|Any CPU
		Release|Any CPU = Release|Any CPU
	EndGlobalSection
	GlobalSection(ProjectConfigurationPlatforms) = postSolution
		{891971E9-33D5-4DE9-AEAF-BE1046BD799E}.Debug|Any CPU.ActiveCfg = Debug|Any CPU
		{891971E9-33D5-4DE9-AEAF-BE1046BD799E}.Debug|Any CPU.Build.0 = Debug|Any CPU
		{891971E9-33D5-4DE9-AEAF-BE1046BD799E}.Release|Any CPU.ActiveCfg = Release|Any CPU
		{891971E9-33D5-4DE9-AEAF-BE1046BD799E}.Release|Any CPU.Build.0 = Release|Any CPU
	EndGlobalSection
	GlobalSection(SolutionProperties) = preSolution
		HideSolutionNode = FALSE
	EndGlobalSection
	GlobalSection(ExtensibilityGlobals) = postSolution
		SolutionGuid = {B9FE454D-C3FE-48F2-B413-5A4198FF0006}
	EndGlobalSection
EndGlobal
